
Microsoft Visual Studio Solution File, Format Version 12.00
# Visual Studio 14
VisualStudioVersion = 14.0.25420.1
MinimumVisualStudioVersion = 10.0.40219.1
Project("{F184B08F-C81C-45F6-A57F-5ABD9991F28F}") = "MRFramework.MRCore", "Framework\Core\MRFramework.MRCore\MRFramework.MRCore.vbproj", "{84315872-44B6-4DA5-AEE6-33A96215294D}"
EndProject
Project("{F184B08F-C81C-45F6-A57F-5ABD9991F28F}") = "MRFramework.MRPersisting.Factory", "Framework\Persisting\MRFramework.MRPersisting.Factory\MRFramework.MRPersisting.Factory.vbproj", "{E177C8D6-B8DF-4DE4-81AF-3F2D17E23A05}"
EndProject
Project("{F184B08F-C81C-45F6-A57F-5ABD9991F28F}") = "MRFramework.MRPersisting.Core", "Framework\Persisting\MRFramework.MRPersisting.Core\MRFramework.MRPersisting.Core.vbproj", "{687AAAE9-C8E2-4027-8A74-1411D0C52F7F}"
EndProject
Project("{F184B08F-C81C-45F6-A57F-5ABD9991F28F}") = "MRFramework.MRPersisting", "Framework\Persisting\MRFramework.MRPersisting\MRFramework.MRPersisting.vbproj", "{BE7B128C-D665-4111-9674-0242E17604E7}"
EndProject
Project("{F184B08F-C81C-45F6-A57F-5ABD9991F28F}") = "MRFramework.MRCore.MRCache", "Framework\Core\MRFramework.MRCore.MRCache\MRFramework.MRCore.MRCache.vbproj", "{DB33CA48-8C91-4419-90F0-0477C4E68E77}"
EndProject
Project("{2150E333-8FDC-42A3-9474-1A3956D46DE8}") = "Framework", "Framework", "{F6806C12-9B24-4AD9-81B5-C0E231957A57}"
EndProject
Project("{2150E333-8FDC-42A3-9474-1A3956D46DE8}") = "Core", "Core", "{1FE7DBDB-96F8-481A-9087-4EC0DE12DC39}"
EndProject
Project("{2150E333-8FDC-42A3-9474-1A3956D46DE8}") = "Persisting", "Persisting", "{62B6B3B3-4776-4CEF-BEE6-D28E04B12D42}"
EndProject
Project("{F184B08F-C81C-45F6-A57F-5ABD9991F28F}") = "MRFramework.MRPersisting.Cache", "Framework\Persisting\MRFramework.MRPersisting.Caching\MRFramework.MRPersisting.Cache.vbproj", "{C62EDEF2-EA24-4B34-AB78-0E7CF5692F2E}"
EndProject
Project("{2150E333-8FDC-42A3-9474-1A3956D46DE8}") = "DBTimeLiners", "DBTimeLiners", "{51C780B9-61D2-47DF-9B4D-1567330FC952}"
EndProject
Project("{2150E333-8FDC-42A3-9474-1A3956D46DE8}") = "DBTimeLine", "DBTimeLine", "{F0CC2EF7-E524-4EA0-BC5B-3456DD897981}"
EndProject
Project("{FAE04EC0-301F-11D3-BF4B-00C04F79EFBC}") = "Framework.Persisting", "Framework\Persisting\Framework.Persisting\Framework.Persisting.csproj", "{1EC4A870-BCDF-4BB7-805B-8BD5F88DA6FB}"
EndProject
Project("{F184B08F-C81C-45F6-A57F-5ABD9991F28F}") = "Framework.DBTimeLine.DBObjects", "Framework\DBTimeLine\Framework.DBTimeLine.DBObjects\Framework.DBTimeLine.DBObjects.vbproj", "{986EF2D7-7F89-459F-B9EE-A9077CDCD147}"
EndProject
Project("{F184B08F-C81C-45F6-A57F-5ABD9991F28F}") = "Framework.DBTimeLine", "Framework\DBTimeLine\Framework.DBTimeLine\Framework.DBTimeLine.vbproj", "{99EB1A6E-D3CA-4AA0-B7A2-ED4EBAE91CA5}"
EndProject
Project("{2150E333-8FDC-42A3-9474-1A3956D46DE8}") = "Client", "Client", "{C2FB5356-9C71-4338-8FCB-585CDCAA4F23}"
EndProject
Project("{2150E333-8FDC-42A3-9474-1A3956D46DE8}") = "Customizations", "Customizations", "{7EBCBA90-29BA-4BE8-A246-C92EA3CCAB17}"
EndProject
Project("{F184B08F-C81C-45F6-A57F-5ABD9991F28F}") = "DBTimeLiner", "Client\DBTimeLiner\DBTimeLiner.vbproj", "{823E6196-5212-43F3-9A54-C791A2D667B8}"
EndProject
Project("{FAE04EC0-301F-11D3-BF4B-00C04F79EFBC}") = "Customizations.Core", "Customizations\Customizations.Core\Customizations.Core.csproj", "{A224372A-EA51-4C7F-A280-6E9937875451}"
EndProject
Project("{FAE04EC0-301F-11D3-BF4B-00C04F79EFBC}") = "Customizations.AktivniSifrarnici", "Customizations\Customizations.AktivniSifrarnici\Customizations.AktivniSifrarnici.csproj", "{7A8E07B8-0B5F-49F7-A7BD-EB43AFD52E9E}"
EndProject
Project("{FAE04EC0-301F-11D3-BF4B-00C04F79EFBC}") = "DBTimeLiners.DBModules", "DBTimeLiners\DBTimeLiners.DBModules\DBTimeLiners.DBModules.csproj", "{91F233D0-86F9-4597-947E-D1FDF4FA17F4}"
EndProject
Project("{2150E333-8FDC-42A3-9474-1A3956D46DE8}") = "GUI", "GUI", "{B02E7A7D-A45D-4CC8-AF41-2BEBA10C6039}"
EndProject
Project("{FAE04EC0-301F-11D3-BF4B-00C04F79EFBC}") = "Framework.GUI", "Framework\Gui\Framework.GUI\Framework.GUI.csproj", "{45E75768-8918-43D5-84B8-707C87AF4EE5}"
EndProject
Project("{FAE04EC0-301F-11D3-BF4B-00C04F79EFBC}") = "Centrix1", "Client\Centrix1\Centrix1.csproj", "{773653B6-3F3D-4A66-9E4C-DFDF9FA4BE0B}"
EndProject
Project("{FAE04EC0-301F-11D3-BF4B-00C04F79EFBC}") = "Framework.Core", "Framework\Core\Framework.Core\Framework.Core.csproj", "{18F85E07-8F10-496B-829F-AE4FC00DE935}"
EndProject
Project("{FAE04EC0-301F-11D3-BF4B-00C04F79EFBC}") = "Customizations.Ctx1MinKul", "Customizations\Customizations.Ctx1MinKul\Customizations.Ctx1MinKul.csproj", "{F0415D31-608E-43E6-8F4C-DBFC3F1B7454}"
EndProject
Project("{FAE04EC0-301F-11D3-BF4B-00C04F79EFBC}") = "Customizations.Identity", "Customizations\Customizations.Identity\Customizations.Identity.csproj", "{59A18CE5-7839-4034-876F-C386D1998625}"
EndProject
Project("{FAE04EC0-301F-11D3-BF4B-00C04F79EFBC}") = "Customizations.MusicPublisher", "Customizations\Customizations.MusicPublisher\Customizations.MusicPublisher.csproj", "{3104CBBA-48D2-4A36-8E43-A3770DACBAAF}"
EndProject
Global
	GlobalSection(SolutionConfigurationPlatforms) = preSolution
		Debug|Any CPU = Debug|Any CPU
		Release|Any CPU = Release|Any CPU
	EndGlobalSection
	GlobalSection(ProjectConfigurationPlatforms) = postSolution
		{84315872-44B6-4DA5-AEE6-33A96215294D}.Debug|Any CPU.ActiveCfg = Debug|Any CPU
		{84315872-44B6-4DA5-AEE6-33A96215294D}.Debug|Any CPU.Build.0 = Debug|Any CPU
		{84315872-44B6-4DA5-AEE6-33A96215294D}.Release|Any CPU.ActiveCfg = Release|Any CPU
		{84315872-44B6-4DA5-AEE6-33A96215294D}.Release|Any CPU.Build.0 = Release|Any CPU
		{E177C8D6-B8DF-4DE4-81AF-3F2D17E23A05}.Debug|Any CPU.ActiveCfg = Debug|Any CPU
		{E177C8D6-B8DF-4DE4-81AF-3F2D17E23A05}.Debug|Any CPU.Build.0 = Debug|Any CPU
		{E177C8D6-B8DF-4DE4-81AF-3F2D17E23A05}.Release|Any CPU.ActiveCfg = Release|Any CPU
		{E177C8D6-B8DF-4DE4-81AF-3F2D17E23A05}.Release|Any CPU.Build.0 = Release|Any CPU
		{687AAAE9-C8E2-4027-8A74-1411D0C52F7F}.Debug|Any CPU.ActiveCfg = Debug|Any CPU
		{687AAAE9-C8E2-4027-8A74-1411D0C52F7F}.Debug|Any CPU.Build.0 = Debug|Any CPU
		{687AAAE9-C8E2-4027-8A74-1411D0C52F7F}.Release|Any CPU.ActiveCfg = Release|Any CPU
		{687AAAE9-C8E2-4027-8A74-1411D0C52F7F}.Release|Any CPU.Build.0 = Release|Any CPU
		{BE7B128C-D665-4111-9674-0242E17604E7}.Debug|Any CPU.ActiveCfg = Debug|Any CPU
		{BE7B128C-D665-4111-9674-0242E17604E7}.Debug|Any CPU.Build.0 = Debug|Any CPU
		{BE7B128C-D665-4111-9674-0242E17604E7}.Release|Any CPU.ActiveCfg = Release|Any CPU
		{BE7B128C-D665-4111-9674-0242E17604E7}.Release|Any CPU.Build.0 = Release|Any CPU
		{DB33CA48-8C91-4419-90F0-0477C4E68E77}.Debug|Any CPU.ActiveCfg = Debug|Any CPU
		{DB33CA48-8C91-4419-90F0-0477C4E68E77}.Debug|Any CPU.Build.0 = Debug|Any CPU
		{DB33CA48-8C91-4419-90F0-0477C4E68E77}.Release|Any CPU.ActiveCfg = Release|Any CPU
		{DB33CA48-8C91-4419-90F0-0477C4E68E77}.Release|Any CPU.Build.0 = Release|Any CPU
		{C62EDEF2-EA24-4B34-AB78-0E7CF5692F2E}.Debug|Any CPU.ActiveCfg = Debug|Any CPU
		{C62EDEF2-EA24-4B34-AB78-0E7CF5692F2E}.Debug|Any CPU.Build.0 = Debug|Any CPU
		{C62EDEF2-EA24-4B34-AB78-0E7CF5692F2E}.Release|Any CPU.ActiveCfg = Release|Any CPU
		{C62EDEF2-EA24-4B34-AB78-0E7CF5692F2E}.Release|Any CPU.Build.0 = Release|Any CPU
		{1EC4A870-BCDF-4BB7-805B-8BD5F88DA6FB}.Debug|Any CPU.ActiveCfg = Debug|Any CPU
		{1EC4A870-BCDF-4BB7-805B-8BD5F88DA6FB}.Debug|Any CPU.Build.0 = Debug|Any CPU
		{1EC4A870-BCDF-4BB7-805B-8BD5F88DA6FB}.Release|Any CPU.ActiveCfg = Release|Any CPU
		{1EC4A870-BCDF-4BB7-805B-8BD5F88DA6FB}.Release|Any CPU.Build.0 = Release|Any CPU
		{986EF2D7-7F89-459F-B9EE-A9077CDCD147}.Debug|Any CPU.ActiveCfg = Debug|Any CPU
		{986EF2D7-7F89-459F-B9EE-A9077CDCD147}.Debug|Any CPU.Build.0 = Debug|Any CPU
		{986EF2D7-7F89-459F-B9EE-A9077CDCD147}.Release|Any CPU.ActiveCfg = Release|Any CPU
		{986EF2D7-7F89-459F-B9EE-A9077CDCD147}.Release|Any CPU.Build.0 = Release|Any CPU
		{99EB1A6E-D3CA-4AA0-B7A2-ED4EBAE91CA5}.Debug|Any CPU.ActiveCfg = Debug|Any CPU
		{99EB1A6E-D3CA-4AA0-B7A2-ED4EBAE91CA5}.Debug|Any CPU.Build.0 = Debug|Any CPU
		{99EB1A6E-D3CA-4AA0-B7A2-ED4EBAE91CA5}.Release|Any CPU.ActiveCfg = Release|Any CPU
		{99EB1A6E-D3CA-4AA0-B7A2-ED4EBAE91CA5}.Release|Any CPU.Build.0 = Release|Any CPU
		{823E6196-5212-43F3-9A54-C791A2D667B8}.Debug|Any CPU.ActiveCfg = Debug|Any CPU
		{823E6196-5212-43F3-9A54-C791A2D667B8}.Debug|Any CPU.Build.0 = Debug|Any CPU
		{823E6196-5212-43F3-9A54-C791A2D667B8}.Release|Any CPU.ActiveCfg = Release|Any CPU
		{823E6196-5212-43F3-9A54-C791A2D667B8}.Release|Any CPU.Build.0 = Release|Any CPU
		{A224372A-EA51-4C7F-A280-6E9937875451}.Debug|Any CPU.ActiveCfg = Debug|Any CPU
		{A224372A-EA51-4C7F-A280-6E9937875451}.Debug|Any CPU.Build.0 = Debug|Any CPU
		{A224372A-EA51-4C7F-A280-6E9937875451}.Release|Any CPU.ActiveCfg = Release|Any CPU
		{A224372A-EA51-4C7F-A280-6E9937875451}.Release|Any CPU.Build.0 = Release|Any CPU
		{7A8E07B8-0B5F-49F7-A7BD-EB43AFD52E9E}.Debug|Any CPU.ActiveCfg = Debug|Any CPU
		{7A8E07B8-0B5F-49F7-A7BD-EB43AFD52E9E}.Debug|Any CPU.Build.0 = Debug|Any CPU
		{7A8E07B8-0B5F-49F7-A7BD-EB43AFD52E9E}.Release|Any CPU.ActiveCfg = Release|Any CPU
		{7A8E07B8-0B5F-49F7-A7BD-EB43AFD52E9E}.Release|Any CPU.Build.0 = Release|Any CPU
		{91F233D0-86F9-4597-947E-D1FDF4FA17F4}.Debug|Any CPU.ActiveCfg = Debug|Any CPU
		{91F233D0-86F9-4597-947E-D1FDF4FA17F4}.Debug|Any CPU.Build.0 = Debug|Any CPU
		{91F233D0-86F9-4597-947E-D1FDF4FA17F4}.Release|Any CPU.ActiveCfg = Release|Any CPU
		{91F233D0-86F9-4597-947E-D1FDF4FA17F4}.Release|Any CPU.Build.0 = Release|Any CPU
		{45E75768-8918-43D5-84B8-707C87AF4EE5}.Debug|Any CPU.ActiveCfg = Debug|Any CPU
		{45E75768-8918-43D5-84B8-707C87AF4EE5}.Debug|Any CPU.Build.0 = Debug|Any CPU
		{45E75768-8918-43D5-84B8-707C87AF4EE5}.Release|Any CPU.ActiveCfg = Release|Any CPU
		{45E75768-8918-43D5-84B8-707C87AF4EE5}.Release|Any CPU.Build.0 = Release|Any CPU
		{773653B6-3F3D-4A66-9E4C-DFDF9FA4BE0B}.Debug|Any CPU.ActiveCfg = Debug|Any CPU
		{773653B6-3F3D-4A66-9E4C-DFDF9FA4BE0B}.Debug|Any CPU.Build.0 = Debug|Any CPU
		{773653B6-3F3D-4A66-9E4C-DFDF9FA4BE0B}.Release|Any CPU.ActiveCfg = Release|Any CPU
		{773653B6-3F3D-4A66-9E4C-DFDF9FA4BE0B}.Release|Any CPU.Build.0 = Release|Any CPU
		{18F85E07-8F10-496B-829F-AE4FC00DE935}.Debug|Any CPU.ActiveCfg = Debug|Any CPU
		{18F85E07-8F10-496B-829F-AE4FC00DE935}.Debug|Any CPU.Build.0 = Debug|Any CPU
		{18F85E07-8F10-496B-829F-AE4FC00DE935}.Release|Any CPU.ActiveCfg = Release|Any CPU
		{18F85E07-8F10-496B-829F-AE4FC00DE935}.Release|Any CPU.Build.0 = Release|Any CPU
		{F0415D31-608E-43E6-8F4C-DBFC3F1B7454}.Debug|Any CPU.ActiveCfg = Debug|Any CPU
		{F0415D31-608E-43E6-8F4C-DBFC3F1B7454}.Debug|Any CPU.Build.0 = Debug|Any CPU
		{F0415D31-608E-43E6-8F4C-DBFC3F1B7454}.Release|Any CPU.ActiveCfg = Release|Any CPU
		{F0415D31-608E-43E6-8F4C-DBFC3F1B7454}.Release|Any CPU.Build.0 = Release|Any CPU
		{59A18CE5-7839-4034-876F-C386D1998625}.Debug|Any CPU.ActiveCfg = Debug|Any CPU
		{59A18CE5-7839-4034-876F-C386D1998625}.Debug|Any CPU.Build.0 = Debug|Any CPU
		{59A18CE5-7839-4034-876F-C386D1998625}.Release|Any CPU.ActiveCfg = Release|Any CPU
		{59A18CE5-7839-4034-876F-C386D1998625}.Release|Any CPU.Build.0 = Release|Any CPU
		{3104CBBA-48D2-4A36-8E43-A3770DACBAAF}.Debug|Any CPU.ActiveCfg = Debug|Any CPU
		{3104CBBA-48D2-4A36-8E43-A3770DACBAAF}.Debug|Any CPU.Build.0 = Debug|Any CPU
		{3104CBBA-48D2-4A36-8E43-A3770DACBAAF}.Release|Any CPU.ActiveCfg = Release|Any CPU
		{3104CBBA-48D2-4A36-8E43-A3770DACBAAF}.Release|Any CPU.Build.0 = Release|Any CPU
	EndGlobalSection
	GlobalSection(SolutionProperties) = preSolution
		HideSolutionNode = FALSE
	EndGlobalSection
	GlobalSection(NestedProjects) = preSolution
		{84315872-44B6-4DA5-AEE6-33A96215294D} = {1FE7DBDB-96F8-481A-9087-4EC0DE12DC39}
		{E177C8D6-B8DF-4DE4-81AF-3F2D17E23A05} = {62B6B3B3-4776-4CEF-BEE6-D28E04B12D42}
		{687AAAE9-C8E2-4027-8A74-1411D0C52F7F} = {62B6B3B3-4776-4CEF-BEE6-D28E04B12D42}
		{BE7B128C-D665-4111-9674-0242E17604E7} = {62B6B3B3-4776-4CEF-BEE6-D28E04B12D42}
		{DB33CA48-8C91-4419-90F0-0477C4E68E77} = {1FE7DBDB-96F8-481A-9087-4EC0DE12DC39}
		{1FE7DBDB-96F8-481A-9087-4EC0DE12DC39} = {F6806C12-9B24-4AD9-81B5-C0E231957A57}
		{62B6B3B3-4776-4CEF-BEE6-D28E04B12D42} = {F6806C12-9B24-4AD9-81B5-C0E231957A57}
		{C62EDEF2-EA24-4B34-AB78-0E7CF5692F2E} = {62B6B3B3-4776-4CEF-BEE6-D28E04B12D42}
		{F0CC2EF7-E524-4EA0-BC5B-3456DD897981} = {F6806C12-9B24-4AD9-81B5-C0E231957A57}
		{1EC4A870-BCDF-4BB7-805B-8BD5F88DA6FB} = {62B6B3B3-4776-4CEF-BEE6-D28E04B12D42}
		{986EF2D7-7F89-459F-B9EE-A9077CDCD147} = {F0CC2EF7-E524-4EA0-BC5B-3456DD897981}
		{99EB1A6E-D3CA-4AA0-B7A2-ED4EBAE91CA5} = {F0CC2EF7-E524-4EA0-BC5B-3456DD897981}
		{823E6196-5212-43F3-9A54-C791A2D667B8} = {C2FB5356-9C71-4338-8FCB-585CDCAA4F23}
		{A224372A-EA51-4C7F-A280-6E9937875451} = {7EBCBA90-29BA-4BE8-A246-C92EA3CCAB17}
		{7A8E07B8-0B5F-49F7-A7BD-EB43AFD52E9E} = {7EBCBA90-29BA-4BE8-A246-C92EA3CCAB17}
		{91F233D0-86F9-4597-947E-D1FDF4FA17F4} = {51C780B9-61D2-47DF-9B4D-1567330FC952}
		{B02E7A7D-A45D-4CC8-AF41-2BEBA10C6039} = {F6806C12-9B24-4AD9-81B5-C0E231957A57}
		{45E75768-8918-43D5-84B8-707C87AF4EE5} = {B02E7A7D-A45D-4CC8-AF41-2BEBA10C6039}
		{773653B6-3F3D-4A66-9E4C-DFDF9FA4BE0B} = {C2FB5356-9C71-4338-8FCB-585CDCAA4F23}
		{18F85E07-8F10-496B-829F-AE4FC00DE935} = {1FE7DBDB-96F8-481A-9087-4EC0DE12DC39}
		{F0415D31-608E-43E6-8F4C-DBFC3F1B7454} = {7EBCBA90-29BA-4BE8-A246-C92EA3CCAB17}
		{59A18CE5-7839-4034-876F-C386D1998625} = {7EBCBA90-29BA-4BE8-A246-C92EA3CCAB17}
		{3104CBBA-48D2-4A36-8E43-A3770DACBAAF} = {7EBCBA90-29BA-4BE8-A246-C92EA3CCAB17}
	EndGlobalSection
EndGlobal
