
Microsoft Visual Studio Solution File, Format Version 12.00
# Visual Studio 14
VisualStudioVersion = 14.0.24720.0
MinimumVisualStudioVersion = 10.0.40219.1
Project("{FAE04EC0-301F-11D3-BF4B-00C04F79EFBC}") = "Client", "Client\Client.csproj", "{5EE9C8C9-75CD-4C1F-8EB8-38413E528EB6}"
EndProject
Project("{F184B08F-C81C-45F6-A57F-5ABD9991F28F}") = "MRFramework.MRCore", "Framework\Core\MRFramework.MRCore\MRFramework.MRCore.vbproj", "{84315872-44B6-4DA5-AEE6-33A96215294D}"
EndProject
Project("{F184B08F-C81C-45F6-A57F-5ABD9991F28F}") = "MRFramework.MRPersisting.Factory", "Framework\Persisting\MRFramework.MRPersisting.Factory\MRFramework.MRPersisting.Factory.vbproj", "{E177C8D6-B8DF-4DE4-81AF-3F2D17E23A05}"
EndProject
Project("{F184B08F-C81C-45F6-A57F-5ABD9991F28F}") = "MRFramework.MRPersisting.Core", "Framework\Persisting\MRFramework.MRPersisting.Core\MRFramework.MRPersisting.Core.vbproj", "{687AAAE9-C8E2-4027-8A74-1411D0C52F7F}"
EndProject
Project("{F184B08F-C81C-45F6-A57F-5ABD9991F28F}") = "MRFramework.MRPersisting", "Framework\Persisting\MRFramework.MRPersisting\MRFramework.MRPersisting.vbproj", "{BE7B128C-D665-4111-9674-0242E17604E7}"
EndProject
Project("{F184B08F-C81C-45F6-A57F-5ABD9991F28F}") = "MRFramework.MRCore.MRCache", "Framework\Core\MRFramework.MRCore.MRCache\MRFramework.MRCore.MRCache.vbproj", "{DB33CA48-8C91-4419-90F0-0477C4E68E77}"
EndProject
Project("{2150E333-8FDC-42A3-9474-1A3956D46DE8}") = "Framework", "Framework", "{F6806C12-9B24-4AD9-81B5-C0E231957A57}"
EndProject
Project("{2150E333-8FDC-42A3-9474-1A3956D46DE8}") = "Core", "Core", "{1FE7DBDB-96F8-481A-9087-4EC0DE12DC39}"
EndProject
Project("{2150E333-8FDC-42A3-9474-1A3956D46DE8}") = "Persisting", "Persisting", "{62B6B3B3-4776-4CEF-BEE6-D28E04B12D42}"
EndProject
Project("{F184B08F-C81C-45F6-A57F-5ABD9991F28F}") = "MRFramework.MRPersisting.Cache", "Framework\Persisting\MRFramework.MRPersisting.Caching\MRFramework.MRPersisting.Cache.vbproj", "{C62EDEF2-EA24-4B34-AB78-0E7CF5692F2E}"
EndProject
Project("{2150E333-8FDC-42A3-9474-1A3956D46DE8}") = "DBCreators", "DBCreators", "{51C780B9-61D2-47DF-9B4D-1567330FC952}"
EndProject
Project("{2150E333-8FDC-42A3-9474-1A3956D46DE8}") = "Schemas", "Schemas", "{78C9A82A-F213-4FC5-BF1B-BA3755B9D2D9}"
EndProject
Project("{2150E333-8FDC-42A3-9474-1A3956D46DE8}") = "Common", "Common", "{13AD2C22-80E6-4E40-A8B7-32F255525CB6}"
EndProject
Project("{2150E333-8FDC-42A3-9474-1A3956D46DE8}") = "DBCreator", "DBCreator", "{F0CC2EF7-E524-4EA0-BC5B-3456DD897981}"
EndProject
Project("{F184B08F-C81C-45F6-A57F-5ABD9991F28F}") = "DBCreators.Common", "DBCreators\Common\DBCreators.Common\DBCreators.Common.vbproj", "{ACDFF559-B744-4236-AC07-8F0A6CA92846}"
EndProject
Project("{F184B08F-C81C-45F6-A57F-5ABD9991F28F}") = "DBCreator", "DBCreator\DBCreator.vbproj", "{823E6196-5212-43F3-9A54-C791A2D667B8}"
EndProject
Project("{F184B08F-C81C-45F6-A57F-5ABD9991F28F}") = "Framework.DBCreator.DBObjects", "Framework\DBCreator\Framework.DBCreator.DBObjects\Framework.DBCreator.DBObjects.vbproj", "{986EF2D7-7F89-459F-B9EE-A9077CDCD147}"
EndProject
Project("{F184B08F-C81C-45F6-A57F-5ABD9991F28F}") = "Framework.DBCreator", "Framework\DBCreator\Framework.DBCreator\Framework.DBCreator.vbproj", "{99EB1A6E-D3CA-4AA0-B7A2-ED4EBAE91CA5}"
EndProject
Project("{FAE04EC0-301F-11D3-BF4B-00C04F79EFBC}") = "Framework.Persisting", "Framework\Persisting\Framework.Persisting\Framework.Persisting.csproj", "{1EC4A870-BCDF-4BB7-805B-8BD5F88DA6FB}"
EndProject
Global
	GlobalSection(SolutionConfigurationPlatforms) = preSolution
		Debug|Any CPU = Debug|Any CPU
		Release|Any CPU = Release|Any CPU
	EndGlobalSection
	GlobalSection(ProjectConfigurationPlatforms) = postSolution
		{5EE9C8C9-75CD-4C1F-8EB8-38413E528EB6}.Debug|Any CPU.ActiveCfg = Debug|Any CPU
		{5EE9C8C9-75CD-4C1F-8EB8-38413E528EB6}.Debug|Any CPU.Build.0 = Debug|Any CPU
		{5EE9C8C9-75CD-4C1F-8EB8-38413E528EB6}.Release|Any CPU.ActiveCfg = Release|Any CPU
		{5EE9C8C9-75CD-4C1F-8EB8-38413E528EB6}.Release|Any CPU.Build.0 = Release|Any CPU
		{84315872-44B6-4DA5-AEE6-33A96215294D}.Debug|Any CPU.ActiveCfg = Debug|Any CPU
		{84315872-44B6-4DA5-AEE6-33A96215294D}.Debug|Any CPU.Build.0 = Debug|Any CPU
		{84315872-44B6-4DA5-AEE6-33A96215294D}.Release|Any CPU.ActiveCfg = Release|Any CPU
		{84315872-44B6-4DA5-AEE6-33A96215294D}.Release|Any CPU.Build.0 = Release|Any CPU
		{E177C8D6-B8DF-4DE4-81AF-3F2D17E23A05}.Debug|Any CPU.ActiveCfg = Debug|Any CPU
		{E177C8D6-B8DF-4DE4-81AF-3F2D17E23A05}.Debug|Any CPU.Build.0 = Debug|Any CPU
		{E177C8D6-B8DF-4DE4-81AF-3F2D17E23A05}.Release|Any CPU.ActiveCfg = Release|Any CPU
		{E177C8D6-B8DF-4DE4-81AF-3F2D17E23A05}.Release|Any CPU.Build.0 = Release|Any CPU
		{687AAAE9-C8E2-4027-8A74-1411D0C52F7F}.Debug|Any CPU.ActiveCfg = Debug|Any CPU
		{687AAAE9-C8E2-4027-8A74-1411D0C52F7F}.Debug|Any CPU.Build.0 = Debug|Any CPU
		{687AAAE9-C8E2-4027-8A74-1411D0C52F7F}.Release|Any CPU.ActiveCfg = Release|Any CPU
		{687AAAE9-C8E2-4027-8A74-1411D0C52F7F}.Release|Any CPU.Build.0 = Release|Any CPU
		{BE7B128C-D665-4111-9674-0242E17604E7}.Debug|Any CPU.ActiveCfg = Debug|Any CPU
		{BE7B128C-D665-4111-9674-0242E17604E7}.Debug|Any CPU.Build.0 = Debug|Any CPU
		{BE7B128C-D665-4111-9674-0242E17604E7}.Release|Any CPU.ActiveCfg = Release|Any CPU
		{BE7B128C-D665-4111-9674-0242E17604E7}.Release|Any CPU.Build.0 = Release|Any CPU
		{DB33CA48-8C91-4419-90F0-0477C4E68E77}.Debug|Any CPU.ActiveCfg = Debug|Any CPU
		{DB33CA48-8C91-4419-90F0-0477C4E68E77}.Debug|Any CPU.Build.0 = Debug|Any CPU
		{DB33CA48-8C91-4419-90F0-0477C4E68E77}.Release|Any CPU.ActiveCfg = Release|Any CPU
		{DB33CA48-8C91-4419-90F0-0477C4E68E77}.Release|Any CPU.Build.0 = Release|Any CPU
		{C62EDEF2-EA24-4B34-AB78-0E7CF5692F2E}.Debug|Any CPU.ActiveCfg = Debug|Any CPU
		{C62EDEF2-EA24-4B34-AB78-0E7CF5692F2E}.Debug|Any CPU.Build.0 = Debug|Any CPU
		{C62EDEF2-EA24-4B34-AB78-0E7CF5692F2E}.Release|Any CPU.ActiveCfg = Release|Any CPU
		{C62EDEF2-EA24-4B34-AB78-0E7CF5692F2E}.Release|Any CPU.Build.0 = Release|Any CPU
		{ACDFF559-B744-4236-AC07-8F0A6CA92846}.Debug|Any CPU.ActiveCfg = Debug|Any CPU
		{ACDFF559-B744-4236-AC07-8F0A6CA92846}.Debug|Any CPU.Build.0 = Debug|Any CPU
		{ACDFF559-B744-4236-AC07-8F0A6CA92846}.Release|Any CPU.ActiveCfg = Release|Any CPU
		{ACDFF559-B744-4236-AC07-8F0A6CA92846}.Release|Any CPU.Build.0 = Release|Any CPU
		{823E6196-5212-43F3-9A54-C791A2D667B8}.Debug|Any CPU.ActiveCfg = Debug|Any CPU
		{823E6196-5212-43F3-9A54-C791A2D667B8}.Debug|Any CPU.Build.0 = Debug|Any CPU
		{823E6196-5212-43F3-9A54-C791A2D667B8}.Release|Any CPU.ActiveCfg = Release|Any CPU
		{823E6196-5212-43F3-9A54-C791A2D667B8}.Release|Any CPU.Build.0 = Release|Any CPU
		{986EF2D7-7F89-459F-B9EE-A9077CDCD147}.Debug|Any CPU.ActiveCfg = Debug|Any CPU
		{986EF2D7-7F89-459F-B9EE-A9077CDCD147}.Debug|Any CPU.Build.0 = Debug|Any CPU
		{986EF2D7-7F89-459F-B9EE-A9077CDCD147}.Release|Any CPU.ActiveCfg = Release|Any CPU
		{986EF2D7-7F89-459F-B9EE-A9077CDCD147}.Release|Any CPU.Build.0 = Release|Any CPU
		{99EB1A6E-D3CA-4AA0-B7A2-ED4EBAE91CA5}.Debug|Any CPU.ActiveCfg = Debug|Any CPU
		{99EB1A6E-D3CA-4AA0-B7A2-ED4EBAE91CA5}.Debug|Any CPU.Build.0 = Debug|Any CPU
		{99EB1A6E-D3CA-4AA0-B7A2-ED4EBAE91CA5}.Release|Any CPU.ActiveCfg = Release|Any CPU
		{99EB1A6E-D3CA-4AA0-B7A2-ED4EBAE91CA5}.Release|Any CPU.Build.0 = Release|Any CPU
		{1EC4A870-BCDF-4BB7-805B-8BD5F88DA6FB}.Debug|Any CPU.ActiveCfg = Debug|Any CPU
		{1EC4A870-BCDF-4BB7-805B-8BD5F88DA6FB}.Debug|Any CPU.Build.0 = Debug|Any CPU
		{1EC4A870-BCDF-4BB7-805B-8BD5F88DA6FB}.Release|Any CPU.ActiveCfg = Release|Any CPU
		{1EC4A870-BCDF-4BB7-805B-8BD5F88DA6FB}.Release|Any CPU.Build.0 = Release|Any CPU
	EndGlobalSection
	GlobalSection(SolutionProperties) = preSolution
		HideSolutionNode = FALSE
	EndGlobalSection
	GlobalSection(NestedProjects) = preSolution
		{84315872-44B6-4DA5-AEE6-33A96215294D} = {1FE7DBDB-96F8-481A-9087-4EC0DE12DC39}
		{E177C8D6-B8DF-4DE4-81AF-3F2D17E23A05} = {62B6B3B3-4776-4CEF-BEE6-D28E04B12D42}
		{687AAAE9-C8E2-4027-8A74-1411D0C52F7F} = {62B6B3B3-4776-4CEF-BEE6-D28E04B12D42}
		{BE7B128C-D665-4111-9674-0242E17604E7} = {62B6B3B3-4776-4CEF-BEE6-D28E04B12D42}
		{DB33CA48-8C91-4419-90F0-0477C4E68E77} = {1FE7DBDB-96F8-481A-9087-4EC0DE12DC39}
		{1FE7DBDB-96F8-481A-9087-4EC0DE12DC39} = {F6806C12-9B24-4AD9-81B5-C0E231957A57}
		{62B6B3B3-4776-4CEF-BEE6-D28E04B12D42} = {F6806C12-9B24-4AD9-81B5-C0E231957A57}
		{C62EDEF2-EA24-4B34-AB78-0E7CF5692F2E} = {62B6B3B3-4776-4CEF-BEE6-D28E04B12D42}
		{78C9A82A-F213-4FC5-BF1B-BA3755B9D2D9} = {51C780B9-61D2-47DF-9B4D-1567330FC952}
		{13AD2C22-80E6-4E40-A8B7-32F255525CB6} = {78C9A82A-F213-4FC5-BF1B-BA3755B9D2D9}
		{F0CC2EF7-E524-4EA0-BC5B-3456DD897981} = {F6806C12-9B24-4AD9-81B5-C0E231957A57}
		{ACDFF559-B744-4236-AC07-8F0A6CA92846} = {13AD2C22-80E6-4E40-A8B7-32F255525CB6}
		{986EF2D7-7F89-459F-B9EE-A9077CDCD147} = {F0CC2EF7-E524-4EA0-BC5B-3456DD897981}
		{99EB1A6E-D3CA-4AA0-B7A2-ED4EBAE91CA5} = {F0CC2EF7-E524-4EA0-BC5B-3456DD897981}
		{1EC4A870-BCDF-4BB7-805B-8BD5F88DA6FB} = {62B6B3B3-4776-4CEF-BEE6-D28E04B12D42}
	EndGlobalSection
EndGlobal
